
Microsoft Visual Studio Solution File, Format Version 12.00
# Visual Studio 2013
VisualStudioVersion = 12.0.30723.0
MinimumVisualStudioVersion = 10.0.40219.1
Project("{FAE04EC0-301F-11D3-BF4B-00C04F79EFBC}") = "TimeSheet", "TimeSheet\TimeSheet.csproj", "{A57AA732-71DB-4D36-B64B-6C6F14D7B296}"
EndProject
Project("{FAE04EC0-301F-11D3-BF4B-00C04F79EFBC}") = "Timesheet.Domain", "Timesheet.Domain\Timesheet.Domain.csproj", "{34B89795-8FD6-411F-B374-C2D2F1A83F40}"
EndProject
Project("{FAE04EC0-301F-11D3-BF4B-00C04F79EFBC}") = "Timesheet.DataBase", "Timesheet.DataBase\Timesheet.DataBase.csproj", "{BD2FC731-F1CE-4FE0-99F6-02C05FC371DC}"
EndProject
Project("{FAE04EC0-301F-11D3-BF4B-00C04F79EFBC}") = "Timesheet.Persistencia", "Timesheet.Persistencia\Timesheet.Persistencia.csproj", "{E1C4EAA6-0FE3-47F1-B184-9FDA2A1FA19F}"
EndProject
Project("{FAE04EC0-301F-11D3-BF4B-00C04F79EFBC}") = "Teste.App", "Teste.App\Teste.App.csproj", "{AD48BCE4-6119-4CDF-A341-99CBB7452823}"
EndProject
Global
	GlobalSection(SolutionConfigurationPlatforms) = preSolution
		Debug|Any CPU = Debug|Any CPU
		Debug|ARM = Debug|ARM
		Debug|Mixed Platforms = Debug|Mixed Platforms
		Debug|x86 = Debug|x86
		Release|Any CPU = Release|Any CPU
		Release|ARM = Release|ARM
		Release|Mixed Platforms = Release|Mixed Platforms
		Release|x86 = Release|x86
	EndGlobalSection
	GlobalSection(ProjectConfigurationPlatforms) = postSolution
		{A57AA732-71DB-4D36-B64B-6C6F14D7B296}.Debug|Any CPU.ActiveCfg = Debug|Any CPU
		{A57AA732-71DB-4D36-B64B-6C6F14D7B296}.Debug|Any CPU.Build.0 = Debug|Any CPU
		{A57AA732-71DB-4D36-B64B-6C6F14D7B296}.Debug|Any CPU.Deploy.0 = Debug|Any CPU
		{A57AA732-71DB-4D36-B64B-6C6F14D7B296}.Debug|ARM.ActiveCfg = Debug|ARM
		{A57AA732-71DB-4D36-B64B-6C6F14D7B296}.Debug|ARM.Build.0 = Debug|ARM
		{A57AA732-71DB-4D36-B64B-6C6F14D7B296}.Debug|ARM.Deploy.0 = Debug|ARM
		{A57AA732-71DB-4D36-B64B-6C6F14D7B296}.Debug|Mixed Platforms.ActiveCfg = Debug|x86
		{A57AA732-71DB-4D36-B64B-6C6F14D7B296}.Debug|Mixed Platforms.Build.0 = Debug|x86
		{A57AA732-71DB-4D36-B64B-6C6F14D7B296}.Debug|Mixed Platforms.Deploy.0 = Debug|x86
		{A57AA732-71DB-4D36-B64B-6C6F14D7B296}.Debug|x86.ActiveCfg = Debug|x86
		{A57AA732-71DB-4D36-B64B-6C6F14D7B296}.Debug|x86.Build.0 = Debug|x86
		{A57AA732-71DB-4D36-B64B-6C6F14D7B296}.Debug|x86.Deploy.0 = Debug|x86
		{A57AA732-71DB-4D36-B64B-6C6F14D7B296}.Release|Any CPU.ActiveCfg = Release|Any CPU
		{A57AA732-71DB-4D36-B64B-6C6F14D7B296}.Release|Any CPU.Build.0 = Release|Any CPU
		{A57AA732-71DB-4D36-B64B-6C6F14D7B296}.Release|Any CPU.Deploy.0 = Release|Any CPU
		{A57AA732-71DB-4D36-B64B-6C6F14D7B296}.Release|ARM.ActiveCfg = Release|ARM
		{A57AA732-71DB-4D36-B64B-6C6F14D7B296}.Release|ARM.Build.0 = Release|ARM
		{A57AA732-71DB-4D36-B64B-6C6F14D7B296}.Release|ARM.Deploy.0 = Release|ARM
		{A57AA732-71DB-4D36-B64B-6C6F14D7B296}.Release|Mixed Platforms.ActiveCfg = Release|x86
		{A57AA732-71DB-4D36-B64B-6C6F14D7B296}.Release|Mixed Platforms.Build.0 = Release|x86
		{A57AA732-71DB-4D36-B64B-6C6F14D7B296}.Release|Mixed Platforms.Deploy.0 = Release|x86
		{A57AA732-71DB-4D36-B64B-6C6F14D7B296}.Release|x86.ActiveCfg = Release|x86
		{A57AA732-71DB-4D36-B64B-6C6F14D7B296}.Release|x86.Build.0 = Release|x86
		{A57AA732-71DB-4D36-B64B-6C6F14D7B296}.Release|x86.Deploy.0 = Release|x86
		{34B89795-8FD6-411F-B374-C2D2F1A83F40}.Debug|Any CPU.ActiveCfg = Debug|Any CPU
		{34B89795-8FD6-411F-B374-C2D2F1A83F40}.Debug|Any CPU.Build.0 = Debug|Any CPU
		{34B89795-8FD6-411F-B374-C2D2F1A83F40}.Debug|ARM.ActiveCfg = Debug|ARM
		{34B89795-8FD6-411F-B374-C2D2F1A83F40}.Debug|ARM.Build.0 = Debug|ARM
		{34B89795-8FD6-411F-B374-C2D2F1A83F40}.Debug|Mixed Platforms.ActiveCfg = Debug|x86
		{34B89795-8FD6-411F-B374-C2D2F1A83F40}.Debug|Mixed Platforms.Build.0 = Debug|x86
		{34B89795-8FD6-411F-B374-C2D2F1A83F40}.Debug|x86.ActiveCfg = Debug|x86
		{34B89795-8FD6-411F-B374-C2D2F1A83F40}.Debug|x86.Build.0 = Debug|x86
		{34B89795-8FD6-411F-B374-C2D2F1A83F40}.Release|Any CPU.ActiveCfg = Release|Any CPU
		{34B89795-8FD6-411F-B374-C2D2F1A83F40}.Release|Any CPU.Build.0 = Release|Any CPU
		{34B89795-8FD6-411F-B374-C2D2F1A83F40}.Release|ARM.ActiveCfg = Release|ARM
		{34B89795-8FD6-411F-B374-C2D2F1A83F40}.Release|ARM.Build.0 = Release|ARM
		{34B89795-8FD6-411F-B374-C2D2F1A83F40}.Release|Mixed Platforms.ActiveCfg = Release|x86
		{34B89795-8FD6-411F-B374-C2D2F1A83F40}.Release|Mixed Platforms.Build.0 = Release|x86
		{34B89795-8FD6-411F-B374-C2D2F1A83F40}.Release|x86.ActiveCfg = Release|x86
		{34B89795-8FD6-411F-B374-C2D2F1A83F40}.Release|x86.Build.0 = Release|x86
		{BD2FC731-F1CE-4FE0-99F6-02C05FC371DC}.Debug|Any CPU.ActiveCfg = Debug|Any CPU
		{BD2FC731-F1CE-4FE0-99F6-02C05FC371DC}.Debug|Any CPU.Build.0 = Debug|Any CPU
		{BD2FC731-F1CE-4FE0-99F6-02C05FC371DC}.Debug|ARM.ActiveCfg = Debug|ARM
		{BD2FC731-F1CE-4FE0-99F6-02C05FC371DC}.Debug|ARM.Build.0 = Debug|ARM
		{BD2FC731-F1CE-4FE0-99F6-02C05FC371DC}.Debug|Mixed Platforms.ActiveCfg = Debug|x86
		{BD2FC731-F1CE-4FE0-99F6-02C05FC371DC}.Debug|Mixed Platforms.Build.0 = Debug|x86
		{BD2FC731-F1CE-4FE0-99F6-02C05FC371DC}.Debug|x86.ActiveCfg = Debug|x86
		{BD2FC731-F1CE-4FE0-99F6-02C05FC371DC}.Debug|x86.Build.0 = Debug|x86
		{BD2FC731-F1CE-4FE0-99F6-02C05FC371DC}.Release|Any CPU.ActiveCfg = Release|Any CPU
		{BD2FC731-F1CE-4FE0-99F6-02C05FC371DC}.Release|Any CPU.Build.0 = Release|Any CPU
		{BD2FC731-F1CE-4FE0-99F6-02C05FC371DC}.Release|ARM.ActiveCfg = Release|ARM
		{BD2FC731-F1CE-4FE0-99F6-02C05FC371DC}.Release|ARM.Build.0 = Release|ARM
		{BD2FC731-F1CE-4FE0-99F6-02C05FC371DC}.Release|Mixed Platforms.ActiveCfg = Release|x86
		{BD2FC731-F1CE-4FE0-99F6-02C05FC371DC}.Release|Mixed Platforms.Build.0 = Release|x86
		{BD2FC731-F1CE-4FE0-99F6-02C05FC371DC}.Release|x86.ActiveCfg = Release|x86
		{BD2FC731-F1CE-4FE0-99F6-02C05FC371DC}.Release|x86.Build.0 = Release|x86
		{E1C4EAA6-0FE3-47F1-B184-9FDA2A1FA19F}.Debug|Any CPU.ActiveCfg = Debug|Any CPU
		{E1C4EAA6-0FE3-47F1-B184-9FDA2A1FA19F}.Debug|Any CPU.Build.0 = Debug|Any CPU
		{E1C4EAA6-0FE3-47F1-B184-9FDA2A1FA19F}.Debug|ARM.ActiveCfg = Debug|ARM
		{E1C4EAA6-0FE3-47F1-B184-9FDA2A1FA19F}.Debug|ARM.Build.0 = Debug|ARM
		{E1C4EAA6-0FE3-47F1-B184-9FDA2A1FA19F}.Debug|Mixed Platforms.ActiveCfg = Debug|x86
		{E1C4EAA6-0FE3-47F1-B184-9FDA2A1FA19F}.Debug|Mixed Platforms.Build.0 = Debug|x86
		{E1C4EAA6-0FE3-47F1-B184-9FDA2A1FA19F}.Debug|x86.ActiveCfg = Debug|x86
		{E1C4EAA6-0FE3-47F1-B184-9FDA2A1FA19F}.Debug|x86.Build.0 = Debug|x86
		{E1C4EAA6-0FE3-47F1-B184-9FDA2A1FA19F}.Release|Any CPU.ActiveCfg = Release|Any CPU
		{E1C4EAA6-0FE3-47F1-B184-9FDA2A1FA19F}.Release|Any CPU.Build.0 = Release|Any CPU
		{E1C4EAA6-0FE3-47F1-B184-9FDA2A1FA19F}.Release|ARM.ActiveCfg = Release|ARM
		{E1C4EAA6-0FE3-47F1-B184-9FDA2A1FA19F}.Release|ARM.Build.0 = Release|ARM
		{E1C4EAA6-0FE3-47F1-B184-9FDA2A1FA19F}.Release|Mixed Platforms.ActiveCfg = Release|x86
		{E1C4EAA6-0FE3-47F1-B184-9FDA2A1FA19F}.Release|Mixed Platforms.Build.0 = Release|x86
		{E1C4EAA6-0FE3-47F1-B184-9FDA2A1FA19F}.Release|x86.ActiveCfg = Release|x86
		{E1C4EAA6-0FE3-47F1-B184-9FDA2A1FA19F}.Release|x86.Build.0 = Release|x86
		{AD48BCE4-6119-4CDF-A341-99CBB7452823}.Debug|Any CPU.ActiveCfg = Debug|x86
		{AD48BCE4-6119-4CDF-A341-99CBB7452823}.Debug|ARM.ActiveCfg = Debug|ARM
		{AD48BCE4-6119-4CDF-A341-99CBB7452823}.Debug|ARM.Build.0 = Debug|ARM
		{AD48BCE4-6119-4CDF-A341-99CBB7452823}.Debug|ARM.Deploy.0 = Debug|ARM
		{AD48BCE4-6119-4CDF-A341-99CBB7452823}.Debug|Mixed Platforms.ActiveCfg = Debug|x86
		{AD48BCE4-6119-4CDF-A341-99CBB7452823}.Debug|Mixed Platforms.Build.0 = Debug|x86
		{AD48BCE4-6119-4CDF-A341-99CBB7452823}.Debug|Mixed Platforms.Deploy.0 = Debug|x86
		{AD48BCE4-6119-4CDF-A341-99CBB7452823}.Debug|x86.ActiveCfg = Debug|x86
		{AD48BCE4-6119-4CDF-A341-99CBB7452823}.Debug|x86.Build.0 = Debug|x86
		{AD48BCE4-6119-4CDF-A341-99CBB7452823}.Debug|x86.Deploy.0 = Debug|x86
		{AD48BCE4-6119-4CDF-A341-99CBB7452823}.Release|Any CPU.ActiveCfg = Release|x86
		{AD48BCE4-6119-4CDF-A341-99CBB7452823}.Release|ARM.ActiveCfg = Release|ARM
		{AD48BCE4-6119-4CDF-A341-99CBB7452823}.Release|ARM.Build.0 = Release|ARM
		{AD48BCE4-6119-4CDF-A341-99CBB7452823}.Release|ARM.Deploy.0 = Release|ARM
		{AD48BCE4-6119-4CDF-A341-99CBB7452823}.Release|Mixed Platforms.ActiveCfg = Release|x86
		{AD48BCE4-6119-4CDF-A341-99CBB7452823}.Release|Mixed Platforms.Build.0 = Release|x86
		{AD48BCE4-6119-4CDF-A341-99CBB7452823}.Release|Mixed Platforms.Deploy.0 = Release|x86
		{AD48BCE4-6119-4CDF-A341-99CBB7452823}.Release|x86.ActiveCfg = Release|x86
		{AD48BCE4-6119-4CDF-A341-99CBB7452823}.Release|x86.Build.0 = Release|x86
		{AD48BCE4-6119-4CDF-A341-99CBB7452823}.Release|x86.Deploy.0 = Release|x86
	EndGlobalSection
	GlobalSection(SolutionProperties) = preSolution
		HideSolutionNode = FALSE
	EndGlobalSection
EndGlobal
